
Microsoft Visual Studio Solution File, Format Version 12.00
# Visual Studio Version 17
VisualStudioVersion = 17.9.34728.123
MinimumVisualStudioVersion = 10.0.40219.1
Project("{9A19103F-16F7-4668-BE54-9A1E7A4F7556}") = "CqrsMediatr", "CqrsWebApi\CqrsMediatr.csproj", "{94475899-D010-4D7B-95B2-4D71579069B0}"
EndProject
Project("{2150E333-8FDC-42A3-9474-1A3956D46DE8}") = "Design Patterns", "Design Patterns", "{1C51620D-DF67-4DA8-A581-B374C5353F92}"
EndProject
Global
	GlobalSection(SolutionConfigurationPlatforms) = preSolution
		Debug|Any CPU = Debug|Any CPU
		Release|Any CPU = Release|Any CPU
	EndGlobalSection
	GlobalSection(ProjectConfigurationPlatforms) = postSolution
		{94475899-D010-4D7B-95B2-4D71579069B0}.Debug|Any CPU.ActiveCfg = Debug|Any CPU
		{94475899-D010-4D7B-95B2-4D71579069B0}.Debug|Any CPU.Build.0 = Debug|Any CPU
		{94475899-D010-4D7B-95B2-4D71579069B0}.Release|Any CPU.ActiveCfg = Release|Any CPU
		{94475899-D010-4D7B-95B2-4D71579069B0}.Release|Any CPU.Build.0 = Release|Any CPU
	EndGlobalSection
	GlobalSection(SolutionProperties) = preSolution
		HideSolutionNode = FALSE
	EndGlobalSection
	GlobalSection(NestedProjects) = preSolution
		{94475899-D010-4D7B-95B2-4D71579069B0} = {1C51620D-DF67-4DA8-A581-B374C5353F92}
	EndGlobalSection
	GlobalSection(ExtensibilityGlobals) = postSolution
		SolutionGuid = {FE582ABA-9F8D-4C79-8553-C5636D0C0CF0}
	EndGlobalSection
EndGlobal
